
Microsoft Visual Studio Solution File, Format Version 12.00
# Visual Studio Version 16
VisualStudioVersion = 16.0.30114.105
MinimumVisualStudioVersion = 10.0.40219.1
Project("{F2A71F9B-5D33-465A-A702-920D77279786}") = "gtk", "gtk\gtk.fsproj", "{D0983C48-98FA-4D43-A6D0-45A1ABB65FBD}"
EndProject
Project("{2150E333-8FDC-42A3-9474-1A3956D46DE8}") = "sound", "sound", "{016E752F-F514-4EE2-97F5-E029DA80D24D}"
EndProject
Project("{2150E333-8FDC-42A3-9474-1A3956D46DE8}") = "src", "src", "{EB71CD21-866C-4E7C-AF1C-F8F29EC35FDF}"
EndProject
Project("{F2A71F9B-5D33-465A-A702-920D77279786}") = "main", "sound\src\main\main.fsproj", "{EE036543-C510-41FD-A632-FFA5EEE58F08}"
EndProject
Project("{F2A71F9B-5D33-465A-A702-920D77279786}") = "openal", "sound\src\openal\openal.fsproj", "{99D83BAB-A4F8-4847-972C-7B40A4C863E7}"
EndProject
Global
	GlobalSection(SolutionConfigurationPlatforms) = preSolution
		Debug|Any CPU = Debug|Any CPU
		Debug|x64 = Debug|x64
		Debug|x86 = Debug|x86
		Release|Any CPU = Release|Any CPU
		Release|x64 = Release|x64
		Release|x86 = Release|x86
	EndGlobalSection
	GlobalSection(SolutionProperties) = preSolution
		HideSolutionNode = FALSE
	EndGlobalSection
	GlobalSection(ProjectConfigurationPlatforms) = postSolution
		{D0983C48-98FA-4D43-A6D0-45A1ABB65FBD}.Debug|Any CPU.ActiveCfg = Debug|Any CPU
		{D0983C48-98FA-4D43-A6D0-45A1ABB65FBD}.Debug|Any CPU.Build.0 = Debug|Any CPU
		{D0983C48-98FA-4D43-A6D0-45A1ABB65FBD}.Debug|x64.ActiveCfg = Debug|Any CPU
		{D0983C48-98FA-4D43-A6D0-45A1ABB65FBD}.Debug|x64.Build.0 = Debug|Any CPU
		{D0983C48-98FA-4D43-A6D0-45A1ABB65FBD}.Debug|x86.ActiveCfg = Debug|Any CPU
		{D0983C48-98FA-4D43-A6D0-45A1ABB65FBD}.Debug|x86.Build.0 = Debug|Any CPU
		{D0983C48-98FA-4D43-A6D0-45A1ABB65FBD}.Release|Any CPU.ActiveCfg = Release|Any CPU
		{D0983C48-98FA-4D43-A6D0-45A1ABB65FBD}.Release|Any CPU.Build.0 = Release|Any CPU
		{D0983C48-98FA-4D43-A6D0-45A1ABB65FBD}.Release|x64.ActiveCfg = Release|Any CPU
		{D0983C48-98FA-4D43-A6D0-45A1ABB65FBD}.Release|x64.Build.0 = Release|Any CPU
		{D0983C48-98FA-4D43-A6D0-45A1ABB65FBD}.Release|x86.ActiveCfg = Release|Any CPU
		{D0983C48-98FA-4D43-A6D0-45A1ABB65FBD}.Release|x86.Build.0 = Release|Any CPU
		{EE036543-C510-41FD-A632-FFA5EEE58F08}.Debug|Any CPU.ActiveCfg = Debug|Any CPU
		{EE036543-C510-41FD-A632-FFA5EEE58F08}.Debug|Any CPU.Build.0 = Debug|Any CPU
		{EE036543-C510-41FD-A632-FFA5EEE58F08}.Debug|x64.ActiveCfg = Debug|Any CPU
		{EE036543-C510-41FD-A632-FFA5EEE58F08}.Debug|x64.Build.0 = Debug|Any CPU
		{EE036543-C510-41FD-A632-FFA5EEE58F08}.Debug|x86.ActiveCfg = Debug|Any CPU
		{EE036543-C510-41FD-A632-FFA5EEE58F08}.Debug|x86.Build.0 = Debug|Any CPU
		{EE036543-C510-41FD-A632-FFA5EEE58F08}.Release|Any CPU.ActiveCfg = Release|Any CPU
		{EE036543-C510-41FD-A632-FFA5EEE58F08}.Release|Any CPU.Build.0 = Release|Any CPU
		{EE036543-C510-41FD-A632-FFA5EEE58F08}.Release|x64.ActiveCfg = Release|Any CPU
		{EE036543-C510-41FD-A632-FFA5EEE58F08}.Release|x64.Build.0 = Release|Any CPU
		{EE036543-C510-41FD-A632-FFA5EEE58F08}.Release|x86.ActiveCfg = Release|Any CPU
		{EE036543-C510-41FD-A632-FFA5EEE58F08}.Release|x86.Build.0 = Release|Any CPU
		{99D83BAB-A4F8-4847-972C-7B40A4C863E7}.Debug|Any CPU.ActiveCfg = Debug|Any CPU
		{99D83BAB-A4F8-4847-972C-7B40A4C863E7}.Debug|Any CPU.Build.0 = Debug|Any CPU
		{99D83BAB-A4F8-4847-972C-7B40A4C863E7}.Debug|x64.ActiveCfg = Debug|Any CPU
		{99D83BAB-A4F8-4847-972C-7B40A4C863E7}.Debug|x64.Build.0 = Debug|Any CPU
		{99D83BAB-A4F8-4847-972C-7B40A4C863E7}.Debug|x86.ActiveCfg = Debug|Any CPU
		{99D83BAB-A4F8-4847-972C-7B40A4C863E7}.Debug|x86.Build.0 = Debug|Any CPU
		{99D83BAB-A4F8-4847-972C-7B40A4C863E7}.Release|Any CPU.ActiveCfg = Release|Any CPU
		{99D83BAB-A4F8-4847-972C-7B40A4C863E7}.Release|Any CPU.Build.0 = Release|Any CPU
		{99D83BAB-A4F8-4847-972C-7B40A4C863E7}.Release|x64.ActiveCfg = Release|Any CPU
		{99D83BAB-A4F8-4847-972C-7B40A4C863E7}.Release|x64.Build.0 = Release|Any CPU
		{99D83BAB-A4F8-4847-972C-7B40A4C863E7}.Release|x86.ActiveCfg = Release|Any CPU
		{99D83BAB-A4F8-4847-972C-7B40A4C863E7}.Release|x86.Build.0 = Release|Any CPU
	EndGlobalSection
	GlobalSection(NestedProjects) = preSolution
		{EB71CD21-866C-4E7C-AF1C-F8F29EC35FDF} = {016E752F-F514-4EE2-97F5-E029DA80D24D}
		{EE036543-C510-41FD-A632-FFA5EEE58F08} = {EB71CD21-866C-4E7C-AF1C-F8F29EC35FDF}
		{99D83BAB-A4F8-4847-972C-7B40A4C863E7} = {EB71CD21-866C-4E7C-AF1C-F8F29EC35FDF}
	EndGlobalSection
EndGlobal
